
Microsoft Visual Studio Solution File, Format Version 12.00
# Visual Studio Version 17
VisualStudioVersion = 17.0.32014.148
MinimumVisualStudioVersion = 10.0.40219.1
Project("{FAE04EC0-301F-11D3-BF4B-00C04F79EFBC}") = "LibraryManagement", "LibraryManagement\LibraryManagement.csproj", "{1E1EEFEE-1552-4C17-89CA-EE3C1BEFFD96}"
EndProject
Global
	GlobalSection(SolutionConfigurationPlatforms) = preSolution
		Debug|Any CPU = Debug|Any CPU
		Release|Any CPU = Release|Any CPU
	EndGlobalSection
	GlobalSection(ProjectConfigurationPlatforms) = postSolution
		{1E1EEFEE-1552-4C17-89CA-EE3C1BEFFD96}.Debug|Any CPU.ActiveCfg = Debug|Any CPU
		{1E1EEFEE-1552-4C17-89CA-EE3C1BEFFD96}.Debug|Any CPU.Build.0 = Debug|Any CPU
		{1E1EEFEE-1552-4C17-89CA-EE3C1BEFFD96}.Release|Any CPU.ActiveCfg = Release|Any CPU
		{1E1EEFEE-1552-4C17-89CA-EE3C1BEFFD96}.Release|Any CPU.Build.0 = Release|Any CPU
	EndGlobalSection
	GlobalSection(SolutionProperties) = preSolution
		HideSolutionNode = FALSE
	EndGlobalSection
	GlobalSection(ExtensibilityGlobals) = postSolution
		SolutionGuid = {BED28EA4-91A3-4721-B089-775EC5D7BB85}
	EndGlobalSection
EndGlobal
